// !$*UTF8*$!
{
	archiveVersion = 1;
	classes = {
	};
	objectVersion = 77;
	objects = {

/* Begin PBXBuildFile section */
		932998842DD4D27C009270AB /* StoreKit.framework in Frameworks */ = {isa = PBXBuildFile; fileRef = 932998832DD4D27C009270AB /* StoreKit.framework */; };
		935E22032DE176F100CEC37D /* SystemConfiguration.framework in Frameworks */ = {isa = PBXBuildFile; fileRef = 935E22022DE176F100CEC37D /* SystemConfiguration.framework */; };
		93D7B5802DA42A33003FA2A6 /* ZIPFoundation in Frameworks */ = {isa = PBXBuildFile; productRef = 93D7B57F2DA42A33003FA2A6 /* ZIPFoundation */; };
/* End PBXBuildFile section */

/* Begin PBXContainerItemProxy section */
		9314F2CA2D95940E008A5C13 /* PBXContainerItemProxy */ = {
			isa = PBXContainerItemProxy;
			containerPortal = 9314F2B02D95940B008A5C13 /* Project object */;
			proxyType = 1;
			remoteGlobalIDString = 9314F2B72D95940C008A5C13;
			remoteInfo = ReadAloud;
		};
		9314F2D42D95940E008A5C13 /* PBXContainerItemProxy */ = {
			isa = PBXContainerItemProxy;
			containerPortal = 9314F2B02D95940B008A5C13 /* Project object */;
			proxyType = 1;
			remoteGlobalIDString = 9314F2B72D95940C008A5C13;
			remoteInfo = ReadAloud;
		};
/* End PBXContainerItemProxy section */

/* Begin PBXFileReference section */
		9314F2B82D95940C008A5C13 /* ReadAloud.app */ = {isa = PBXFileReference; explicitFileType = wrapper.application; includeInIndex = 0; path = ReadAloud.app; sourceTree = BUILT_PRODUCTS_DIR; };
		9314F2C92D95940E008A5C13 /* ReadAloudTests.xctest */ = {isa = PBXFileReference; explicitFileType = wrapper.cfbundle; includeInIndex = 0; path = ReadAloudTests.xctest; sourceTree = BUILT_PRODUCTS_DIR; };
		9314F2D32D95940E008A5C13 /* ReadAloudUITests.xctest */ = {isa = PBXFileReference; explicitFileType = wrapper.cfbundle; includeInIndex = 0; path = ReadAloudUITests.xctest; sourceTree = BUILT_PRODUCTS_DIR; };
		932998832DD4D27C009270AB /* StoreKit.framework */ = {isa = PBXFileReference; lastKnownFileType = wrapper.framework; name = StoreKit.framework; path = System/Library/Frameworks/StoreKit.framework; sourceTree = SDKROOT; };
		935E22022DE176F100CEC37D /* SystemConfiguration.framework */ = {isa = PBXFileReference; lastKnownFileType = wrapper.framework; name = SystemConfiguration.framework; path = Platforms/iPhoneOS.platform/Developer/SDKs/iPhoneOS18.2.sdk/System/Library/Frameworks/SystemConfiguration.framework; sourceTree = DEVELOPER_DIR; };
/* End PBXFileReference section */

/* Begin PBXFileSystemSynchronizedRootGroup section */
		9314F2BA2D95940C008A5C13 /* ReadAloud */ = {
			isa = PBXFileSystemSynchronizedRootGroup;
			path = ReadAloud;
			sourceTree = "<group>";
		};
		9314F2CC2D95940E008A5C13 /* ReadAloudTests */ = {
			isa = PBXFileSystemSynchronizedRootGroup;
			path = ReadAloudTests;
			sourceTree = "<group>";
		};
		9314F2D62D95940E008A5C13 /* ReadAloudUITests */ = {
			isa = PBXFileSystemSynchronizedRootGroup;
			path = ReadAloudUITests;
			sourceTree = "<group>";
		};
/* End PBXFileSystemSynchronizedRootGroup section */

/* Begin PBXFrameworksBuildPhase section */
		9314F2B52D95940C008A5C13 /* Frameworks */ = {
			isa = PBXFrameworksBuildPhase;
			buildActionMask = 2147483647;
			files = (
				935E22032DE176F100CEC37D /* SystemConfiguration.framework in Frameworks */,
				93D7B5802DA42A33003FA2A6 /* ZIPFoundation in Frameworks */,
				932998842DD4D27C009270AB /* StoreKit.framework in Frameworks */,
			);
			runOnlyForDeploymentPostprocessing = 0;
		};
		9314F2C62D95940E008A5C13 /* Frameworks */ = {
			isa = PBXFrameworksBuildPhase;
			buildActionMask = 2147483647;
			files = (
			);
			runOnlyForDeploymentPostprocessing = 0;
		};
		9314F2D02D95940E008A5C13 /* Frameworks */ = {
			isa = PBXFrameworksBuildPhase;
			buildActionMask = 2147483647;
			files = (
			);
			runOnlyForDeploymentPostprocessing = 0;
		};
/* End PBXFrameworksBuildPhase section */

/* Begin PBXGroup section */
		9314F2AF2D95940B008A5C13 = {
			isa = PBXGroup;
			children = (
				9314F2BA2D95940C008A5C13 /* ReadAloud */,
				9314F2CC2D95940E008A5C13 /* ReadAloudTests */,
				9314F2D62D95940E008A5C13 /* ReadAloudUITests */,
				93D7B57E2DA42A33003FA2A6 /* Frameworks */,
				9314F2B92D95940C008A5C13 /* Products */,
			);
			sourceTree = "<group>";
		};
		9314F2B92D95940C008A5C13 /* Products */ = {
			isa = PBXGroup;
			children = (
				9314F2B82D95940C008A5C13 /* ReadAloud.app */,
				9314F2C92D95940E008A5C13 /* ReadAloudTests.xctest */,
				9314F2D32D95940E008A5C13 /* ReadAloudUITests.xctest */,
			);
			name = Products;
			sourceTree = "<group>";
		};
		93D7B57E2DA42A33003FA2A6 /* Frameworks */ = {
			isa = PBXGroup;
			children = (
				935E22022DE176F100CEC37D /* SystemConfiguration.framework */,
				932998832DD4D27C009270AB /* StoreKit.framework */,
			);
			name = Frameworks;
			sourceTree = "<group>";
		};
/* End PBXGroup section */

/* Begin PBXNativeTarget section */
		9314F2B72D95940C008A5C13 /* ReadAloud */ = {
			isa = PBXNativeTarget;
			buildConfigurationList = 9314F2DD2D95940E008A5C13 /* Build configuration list for PBXNativeTarget "ReadAloud" */;
			buildPhases = (
				9314F2B42D95940C008A5C13 /* Sources */,
				9314F2B52D95940C008A5C13 /* Frameworks */,
				9314F2B62D95940C008A5C13 /* Resources */,
			);
			buildRules = (
			);
			dependencies = (
			);
			fileSystemSynchronizedGroups = (
				9314F2BA2D95940C008A5C13 /* ReadAloud */,
			);
			name = ReadAloud;
			packageProductDependencies = (
				93D7B57F2DA42A33003FA2A6 /* ZIPFoundation */,
			);
			productName = ReadAloud;
			productReference = 9314F2B82D95940C008A5C13 /* ReadAloud.app */;
			productType = "com.apple.product-type.application";
		};
		9314F2C82D95940E008A5C13 /* ReadAloudTests */ = {
			isa = PBXNativeTarget;
			buildConfigurationList = 9314F2E02D95940E008A5C13 /* Build configuration list for PBXNativeTarget "ReadAloudTests" */;
			buildPhases = (
				9314F2C52D95940E008A5C13 /* Sources */,
				9314F2C62D95940E008A5C13 /* Frameworks */,
				9314F2C72D95940E008A5C13 /* Resources */,
			);
			buildRules = (
			);
			dependencies = (
				9314F2CB2D95940E008A5C13 /* PBXTargetDependency */,
			);
			fileSystemSynchronizedGroups = (
				9314F2CC2D95940E008A5C13 /* ReadAloudTests */,
			);
			name = ReadAloudTests;
			packageProductDependencies = (
			);
			productName = ReadAloudTests;
			productReference = 9314F2C92D95940E008A5C13 /* ReadAloudTests.xctest */;
			productType = "com.apple.product-type.bundle.unit-test";
		};
		9314F2D22D95940E008A5C13 /* ReadAloudUITests */ = {
			isa = PBXNativeTarget;
			buildConfigurationList = 9314F2E32D95940E008A5C13 /* Build configuration list for PBXNativeTarget "ReadAloudUITests" */;
			buildPhases = (
				9314F2CF2D95940E008A5C13 /* Sources */,
				9314F2D02D95940E008A5C13 /* Frameworks */,
				9314F2D12D95940E008A5C13 /* Resources */,
			);
			buildRules = (
			);
			dependencies = (
				9314F2D52D95940E008A5C13 /* PBXTargetDependency */,
			);
			fileSystemSynchronizedGroups = (
				9314F2D62D95940E008A5C13 /* ReadAloudUITests */,
			);
			name = ReadAloudUITests;
			packageProductDependencies = (
			);
			productName = ReadAloudUITests;
			productReference = 9314F2D32D95940E008A5C13 /* ReadAloudUITests.xctest */;
			productType = "com.apple.product-type.bundle.ui-testing";
		};
/* End PBXNativeTarget section */

/* Begin PBXProject section */
		9314F2B02D95940B008A5C13 /* Project object */ = {
			isa = PBXProject;
			attributes = {
				BuildIndependentTargetsInParallel = 1;
				LastSwiftUpdateCheck = 1620;
				LastUpgradeCheck = 1620;
				TargetAttributes = {
					9314F2B72D95940C008A5C13 = {
						CreatedOnToolsVersion = 16.2;
					};
					9314F2C82D95940E008A5C13 = {
						CreatedOnToolsVersion = 16.2;
						TestTargetID = 9314F2B72D95940C008A5C13;
					};
					9314F2D22D95940E008A5C13 = {
						CreatedOnToolsVersion = 16.2;
						TestTargetID = 9314F2B72D95940C008A5C13;
					};
				};
			};
			buildConfigurationList = 9314F2B32D95940B008A5C13 /* Build configuration list for PBXProject "ReadAloud" */;
			developmentRegion = en;
			hasScannedForEncodings = 0;
			knownRegions = (
				en,
				Base,
				"zh-Hans",
			);
			mainGroup = 9314F2AF2D95940B008A5C13;
			minimizedProjectReferenceProxies = 1;
			packageReferences = (
				93D7B57D2DA42956003FA2A6 /* XCRemoteSwiftPackageReference "ZIPFoundation" */,
			);
			preferredProjectObjectVersion = 77;
			productRefGroup = 9314F2B92D95940C008A5C13 /* Products */;
			projectDirPath = "";
			projectRoot = "";
			targets = (
				9314F2B72D95940C008A5C13 /* ReadAloud */,
				9314F2C82D95940E008A5C13 /* ReadAloudTests */,
				9314F2D22D95940E008A5C13 /* ReadAloudUITests */,
			);
		};
/* End PBXProject section */

/* Begin PBXResourcesBuildPhase section */
		9314F2B62D95940C008A5C13 /* Resources */ = {
			isa = PBXResourcesBuildPhase;
			buildActionMask = 2147483647;
			files = (
			);
			runOnlyForDeploymentPostprocessing = 0;
		};
		9314F2C72D95940E008A5C13 /* Resources */ = {
			isa = PBXResourcesBuildPhase;
			buildActionMask = 2147483647;
			files = (
			);
			runOnlyForDeploymentPostprocessing = 0;
		};
		9314F2D12D95940E008A5C13 /* Resources */ = {
			isa = PBXResourcesBuildPhase;
			buildActionMask = 2147483647;
			files = (
			);
			runOnlyForDeploymentPostprocessing = 0;
		};
/* End PBXResourcesBuildPhase section */

/* Begin PBXSourcesBuildPhase section */
		9314F2B42D95940C008A5C13 /* Sources */ = {
			isa = PBXSourcesBuildPhase;
			buildActionMask = 2147483647;
			files = (
			);
			runOnlyForDeploymentPostprocessing = 0;
		};
		9314F2C52D95940E008A5C13 /* Sources */ = {
			isa = PBXSourcesBuildPhase;
			buildActionMask = 2147483647;
			files = (
			);
			runOnlyForDeploymentPostprocessing = 0;
		};
		9314F2CF2D95940E008A5C13 /* Sources */ = {
			isa = PBXSourcesBuildPhase;
			buildActionMask = 2147483647;
			files = (
			);
			runOnlyForDeploymentPostprocessing = 0;
		};
/* End PBXSourcesBuildPhase section */

/* Begin PBXTargetDependency section */
		9314F2CB2D95940E008A5C13 /* PBXTargetDependency */ = {
			isa = PBXTargetDependency;
			target = 9314F2B72D95940C008A5C13 /* ReadAloud */;
			targetProxy = 9314F2CA2D95940E008A5C13 /* PBXContainerItemProxy */;
		};
		9314F2D52D95940E008A5C13 /* PBXTargetDependency */ = {
			isa = PBXTargetDependency;
			target = 9314F2B72D95940C008A5C13 /* ReadAloud */;
			targetProxy = 9314F2D42D95940E008A5C13 /* PBXContainerItemProxy */;
		};
/* End PBXTargetDependency section */

/* Begin XCBuildConfiguration section */
		9314F2DB2D95940E008A5C13 /* Debug */ = {
			isa = XCBuildConfiguration;
			buildSettings = {
				ALWAYS_SEARCH_USER_PATHS = NO;
				ASSETCATALOG_COMPILER_GENERATE_SWIFT_ASSET_SYMBOL_EXTENSIONS = YES;
				CLANG_ANALYZER_NONNULL = YES;
				CLANG_ANALYZER_NUMBER_OBJECT_CONVERSION = YES_AGGRESSIVE;
				CLANG_CXX_LANGUAGE_STANDARD = "gnu++20";
				CLANG_ENABLE_MODULES = YES;
				CLANG_ENABLE_OBJC_ARC = YES;
				CLANG_ENABLE_OBJC_WEAK = YES;
				CLANG_WARN_BLOCK_CAPTURE_AUTORELEASING = YES;
				CLANG_WARN_BOOL_CONVERSION = YES;
				CLANG_WARN_COMMA = YES;
				CLANG_WARN_CONSTANT_CONVERSION = YES;
				CLANG_WARN_DEPRECATED_OBJC_IMPLEMENTATIONS = YES;
				CLANG_WARN_DIRECT_OBJC_ISA_USAGE = YES_ERROR;
				CLANG_WARN_DOCUMENTATION_COMMENTS = YES;
				CLANG_WARN_EMPTY_BODY = YES;
				CLANG_WARN_ENUM_CONVERSION = YES;
				CLANG_WARN_INFINITE_RECURSION = YES;
				CLANG_WARN_INT_CONVERSION = YES;
				CLANG_WARN_NON_LITERAL_NULL_CONVERSION = YES;
				CLANG_WARN_OBJC_IMPLICIT_RETAIN_SELF = YES;
				CLANG_WARN_OBJC_LITERAL_CONVERSION = YES;
				CLANG_WARN_OBJC_ROOT_CLASS = YES_ERROR;
				CLANG_WARN_QUOTED_INCLUDE_IN_FRAMEWORK_HEADER = YES;
				CLANG_WARN_RANGE_LOOP_ANALYSIS = YES;
				CLANG_WARN_STRICT_PROTOTYPES = YES;
				CLANG_WARN_SUSPICIOUS_MOVE = YES;
				CLANG_WARN_UNGUARDED_AVAILABILITY = YES_AGGRESSIVE;
				CLANG_WARN_UNREACHABLE_CODE = YES;
				CLANG_WARN__DUPLICATE_METHOD_MATCH = YES;
				COPY_PHASE_STRIP = NO;
				DEBUG_INFORMATION_FORMAT = dwarf;
				ENABLE_STRICT_OBJC_MSGSEND = YES;
				ENABLE_TESTABILITY = YES;
				ENABLE_USER_SCRIPT_SANDBOXING = YES;
				GCC_C_LANGUAGE_STANDARD = gnu17;
				GCC_DYNAMIC_NO_PIC = NO;
				GCC_NO_COMMON_BLOCKS = YES;
				GCC_OPTIMIZATION_LEVEL = 0;
				GCC_PREPROCESSOR_DEFINITIONS = (
					"DEBUG=1",
					"$(inherited)",
				);
				GCC_WARN_64_TO_32_BIT_CONVERSION = YES;
				GCC_WARN_ABOUT_RETURN_TYPE = YES_ERROR;
				GCC_WARN_UNDECLARED_SELECTOR = YES;
				GCC_WARN_UNINITIALIZED_AUTOS = YES_AGGRESSIVE;
				GCC_WARN_UNUSED_FUNCTION = YES;
				GCC_WARN_UNUSED_VARIABLE = YES;
				LOCALIZATION_PREFERS_STRING_CATALOGS = YES;
				MTL_ENABLE_DEBUG_INFO = INCLUDE_SOURCE;
				MTL_FAST_MATH = YES;
				ONLY_ACTIVE_ARCH = YES;
				SWIFT_ACTIVE_COMPILATION_CONDITIONS = "DEBUG $(inherited)";
				SWIFT_OPTIMIZATION_LEVEL = "-Onone";
			};
			name = Debug;
		};
		9314F2DC2D95940E008A5C13 /* Release */ = {
			isa = XCBuildConfiguration;
			buildSettings = {
				ALWAYS_SEARCH_USER_PATHS = NO;
				ASSETCATALOG_COMPILER_GENERATE_SWIFT_ASSET_SYMBOL_EXTENSIONS = YES;
				CLANG_ANALYZER_NONNULL = YES;
				CLANG_ANALYZER_NUMBER_OBJECT_CONVERSION = YES_AGGRESSIVE;
				CLANG_CXX_LANGUAGE_STANDARD = "gnu++20";
				CLANG_ENABLE_MODULES = YES;
				CLANG_ENABLE_OBJC_ARC = YES;
				CLANG_ENABLE_OBJC_WEAK = YES;
				CLANG_WARN_BLOCK_CAPTURE_AUTORELEASING = YES;
				CLANG_WARN_BOOL_CONVERSION = YES;
				CLANG_WARN_COMMA = YES;
				CLANG_WARN_CONSTANT_CONVERSION = YES;
				CLANG_WARN_DEPRECATED_OBJC_IMPLEMENTATIONS = YES;
				CLANG_WARN_DIRECT_OBJC_ISA_USAGE = YES_ERROR;
				CLANG_WARN_DOCUMENTATION_COMMENTS = YES;
				CLANG_WARN_EMPTY_BODY = YES;
				CLANG_WARN_ENUM_CONVERSION = YES;
				CLANG_WARN_INFINITE_RECURSION = YES;
				CLANG_WARN_INT_CONVERSION = YES;
				CLANG_WARN_NON_LITERAL_NULL_CONVERSION = YES;
				CLANG_WARN_OBJC_IMPLICIT_RETAIN_SELF = YES;
				CLANG_WARN_OBJC_LITERAL_CONVERSION = YES;
				CLANG_WARN_OBJC_ROOT_CLASS = YES_ERROR;
				CLANG_WARN_QUOTED_INCLUDE_IN_FRAMEWORK_HEADER = YES;
				CLANG_WARN_RANGE_LOOP_ANALYSIS = YES;
				CLANG_WARN_STRICT_PROTOTYPES = YES;
				CLANG_WARN_SUSPICIOUS_MOVE = YES;
				CLANG_WARN_UNGUARDED_AVAILABILITY = YES_AGGRESSIVE;
				CLANG_WARN_UNREACHABLE_CODE = YES;
				CLANG_WARN__DUPLICATE_METHOD_MATCH = YES;
				COPY_PHASE_STRIP = NO;
				DEBUG_INFORMATION_FORMAT = "dwarf-with-dsym";
				ENABLE_NS_ASSERTIONS = NO;
				ENABLE_STRICT_OBJC_MSGSEND = YES;
				ENABLE_USER_SCRIPT_SANDBOXING = YES;
				GCC_C_LANGUAGE_STANDARD = gnu17;
				GCC_NO_COMMON_BLOCKS = YES;
				GCC_WARN_64_TO_32_BIT_CONVERSION = YES;
				GCC_WARN_ABOUT_RETURN_TYPE = YES_ERROR;
				GCC_WARN_UNDECLARED_SELECTOR = YES;
				GCC_WARN_UNINITIALIZED_AUTOS = YES_AGGRESSIVE;
				GCC_WARN_UNUSED_FUNCTION = YES;
				GCC_WARN_UNUSED_VARIABLE = YES;
				LOCALIZATION_PREFERS_STRING_CATALOGS = YES;
				MTL_ENABLE_DEBUG_INFO = NO;
				MTL_FAST_MATH = YES;
				SWIFT_COMPILATION_MODE = wholemodule;
			};
			name = Release;
		};
		9314F2DE2D95940E008A5C13 /* Debug */ = {
			isa = XCBuildConfiguration;
			buildSettings = {
				ASSETCATALOG_COMPILER_APPICON_NAME = AppIcon;
				ASSETCATALOG_COMPILER_GLOBAL_ACCENT_COLOR_NAME = AccentColor;
				CODE_SIGN_ENTITLEMENTS = ReadAloud/ReadAloud.entitlements;
				CODE_SIGN_STYLE = Automatic;
				CURRENT_PROJECT_VERSION = 1;
				DEVELOPMENT_ASSET_PATHS = "\"ReadAloud/Preview Content\"";
				DEVELOPMENT_TEAM = XUP9CV37X2;
				ENABLE_HARDENED_RUNTIME = YES;
				ENABLE_PREVIEWS = YES;
				GENERATE_INFOPLIST_FILE = NO;
				INFOPLIST_FILE = ReadAloud/ReadAloudInfo.plist;
				"INFOPLIST_KEY_UIApplicationSceneManifest_Generation[sdk=iphoneos*]" = YES;
				"INFOPLIST_KEY_UIApplicationSceneManifest_Generation[sdk=iphonesimulator*]" = YES;
				"INFOPLIST_KEY_UIApplicationSupportsIndirectInputEvents[sdk=iphoneos*]" = YES;
				"INFOPLIST_KEY_UIApplicationSupportsIndirectInputEvents[sdk=iphonesimulator*]" = YES;
				"INFOPLIST_KEY_UILaunchScreen_Generation[sdk=iphoneos*]" = YES;
				"INFOPLIST_KEY_UILaunchScreen_Generation[sdk=iphonesimulator*]" = YES;
				"INFOPLIST_KEY_UIStatusBarStyle[sdk=iphoneos*]" = UIStatusBarStyleDefault;
				"INFOPLIST_KEY_UIStatusBarStyle[sdk=iphonesimulator*]" = UIStatusBarStyleDefault;
				INFOPLIST_KEY_UISupportedInterfaceOrientations_iPad = "UIInterfaceOrientationPortrait UIInterfaceOrientationPortraitUpsideDown UIInterfaceOrientationLandscapeLeft UIInterfaceOrientationLandscapeRight";
				INFOPLIST_KEY_UISupportedInterfaceOrientations_iPhone = "UIInterfaceOrientationPortrait UIInterfaceOrientationLandscapeLeft UIInterfaceOrientationLandscapeRight";
				IPHONEOS_DEPLOYMENT_TARGET = 16;
				LD_RUNPATH_SEARCH_PATHS = "@executable_path/Frameworks";
				"LD_RUNPATH_SEARCH_PATHS[sdk=macosx*]" = "@executable_path/../Frameworks";
				MACOSX_DEPLOYMENT_TARGET = 15;
				MARKETING_VERSION = 1.0;
				PRODUCT_BUNDLE_IDENTIFIER = "top.ai-toolkit.ReadAloud";
				PRODUCT_NAME = "$(TARGET_NAME)";
				SDKROOT = auto;
				SUPPORTED_PLATFORMS = "iphoneos iphonesimulator macosx";
				SUPPORTS_MACCATALYST = NO;
				SWIFT_EMIT_LOC_STRINGS = YES;
				SWIFT_VERSION = 5.0;
				TARGETED_DEVICE_FAMILY = "1,2";
				XROS_DEPLOYMENT_TARGET = 2.2;
			};
			name = Debug;
		};
		9314F2DF2D95940E008A5C13 /* Release */ = {
			isa = XCBuildConfiguration;
			buildSettings = {
				ASSETCATALOG_COMPILER_APPICON_NAME = AppIcon;
				ASSETCATALOG_COMPILER_GLOBAL_ACCENT_COLOR_NAME = AccentColor;
				CODE_SIGN_ENTITLEMENTS = ReadAloud/ReadAloud.entitlements;
				CODE_SIGN_STYLE = Automatic;
				CURRENT_PROJECT_VERSION = 1;
				DEVELOPMENT_ASSET_PATHS = "\"ReadAloud/Preview Content\"";
				DEVELOPMENT_TEAM = XUP9CV37X2;
				ENABLE_HARDENED_RUNTIME = YES;
				ENABLE_PREVIEWS = YES;
				GENERATE_INFOPLIST_FILE = NO;
				INFOPLIST_FILE = ReadAloud/ReadAloudInfo.plist;
				"INFOPLIST_KEY_UIApplicationSceneManifest_Generation[sdk=iphoneos*]" = YES;
				"INFOPLIST_KEY_UIApplicationSceneManifest_Generation[sdk=iphonesimulator*]" = YES;
				"INFOPLIST_KEY_UIApplicationSupportsIndirectInputEvents[sdk=iphoneos*]" = YES;
				"INFOPLIST_KEY_UIApplicationSupportsIndirectInputEvents[sdk=iphonesimulator*]" = YES;
				"INFOPLIST_KEY_UILaunchScreen_Generation[sdk=iphoneos*]" = YES;
				"INFOPLIST_KEY_UILaunchScreen_Generation[sdk=iphonesimulator*]" = YES;
				"INFOPLIST_KEY_UIStatusBarStyle[sdk=iphoneos*]" = UIStatusBarStyleDefault;
				"INFOPLIST_KEY_UIStatusBarStyle[sdk=iphonesimulator*]" = UIStatusBarStyleDefault;
				INFOPLIST_KEY_UISupportedInterfaceOrientations_iPad = "UIInterfaceOrientationPortrait UIInterfaceOrientationPortraitUpsideDown UIInterfaceOrientationLandscapeLeft UIInterfaceOrientationLandscapeRight";
				INFOPLIST_KEY_UISupportedInterfaceOrientations_iPhone = "UIInterfaceOrientationPortrait UIInterfaceOrientationLandscapeLeft UIInterfaceOrientationLandscapeRight";
				IPHONEOS_DEPLOYMENT_TARGET = 16;
				LD_RUNPATH_SEARCH_PATHS = "@executable_path/Frameworks";
				"LD_RUNPATH_SEARCH_PATHS[sdk=macosx*]" = "@executable_path/../Frameworks";
				MACOSX_DEPLOYMENT_TARGET = 15;
				MARKETING_VERSION = 1.0;
				PRODUCT_BUNDLE_IDENTIFIER = "top.ai-toolkit.ReadAloud";
				PRODUCT_NAME = "$(TARGET_NAME)";
				SDKROOT = auto;
				SUPPORTED_PLATFORMS = "iphoneos iphonesimulator macosx";
				SUPPORTS_MACCATALYST = NO;
				SWIFT_EMIT_LOC_STRINGS = YES;
				SWIFT_VERSION = 5.0;
				TARGETED_DEVICE_FAMILY = "1,2";
				XROS_DEPLOYMENT_TARGET = 2.2;
			};
			name = Release;
		};
		9314F2E12D95940E008A5C13 /* Debug */ = {
			isa = XCBuildConfiguration;
			buildSettings = {
				BUNDLE_LOADER = "$(TEST_HOST)";
				CODE_SIGN_STYLE = Automatic;
				CURRENT_PROJECT_VERSION = 1;
				DEVELOPMENT_TEAM = XUP9CV37X2;
				GENERATE_INFOPLIST_FILE = YES;
				IPHONEOS_DEPLOYMENT_TARGET = 18.2;
				MACOSX_DEPLOYMENT_TARGET = 15.2;
				MARKETING_VERSION = 1.0;
				PRODUCT_BUNDLE_IDENTIFIER = "top.ai-toolkit.ReadAloudTests";
				PRODUCT_NAME = "$(TARGET_NAME)";
				SDKROOT = auto;
				SUPPORTED_PLATFORMS = "iphoneos iphonesimulator macosx xros xrsimulator";
				SWIFT_EMIT_LOC_STRINGS = NO;
				SWIFT_VERSION = 5.0;
				TARGETED_DEVICE_FAMILY = "1,2,7";
				TEST_HOST = "$(BUILT_PRODUCTS_DIR)/ReadAloud.app/$(BUNDLE_EXECUTABLE_FOLDER_PATH)/ReadAloud";
				XROS_DEPLOYMENT_TARGET = 2.2;
			};
			name = Debug;
		};
		9314F2E22D95940E008A5C13 /* Release */ = {
			isa = XCBuildConfiguration;
			buildSettings = {
				BUNDLE_LOADER = "$(TEST_HOST)";
				CODE_SIGN_STYLE = Automatic;
				CURRENT_PROJECT_VERSION = 1;
				DEVELOPMENT_TEAM = XUP9CV37X2;
				GENERATE_INFOPLIST_FILE = YES;
				IPHONEOS_DEPLOYMENT_TARGET = 18.2;
				MACOSX_DEPLOYMENT_TARGET = 15.2;
				MARKETING_VERSION = 1.0;
				PRODUCT_BUNDLE_IDENTIFIER = "top.ai-toolkit.ReadAloudTests";
				PRODUCT_NAME = "$(TARGET_NAME)";
				SDKROOT = auto;
				SUPPORTED_PLATFORMS = "iphoneos iphonesimulator macosx xros xrsimulator";
				SWIFT_EMIT_LOC_STRINGS = NO;
				SWIFT_VERSION = 5.0;
				TARGETED_DEVICE_FAMILY = "1,2,7";
				TEST_HOST = "$(BUILT_PRODUCTS_DIR)/ReadAloud.app/$(BUNDLE_EXECUTABLE_FOLDER_PATH)/ReadAloud";
				XROS_DEPLOYMENT_TARGET = 2.2;
			};
			name = Release;
		};
		9314F2E42D95940E008A5C13 /* Debug */ = {
			isa = XCBuildConfiguration;
			buildSettings = {
				CODE_SIGN_STYLE = Automatic;
				CURRENT_PROJECT_VERSION = 1;
				DEVELOPMENT_TEAM = XUP9CV37X2;
				GENERATE_INFOPLIST_FILE = YES;
				IPHONEOS_DEPLOYMENT_TARGET = 18.2;
				MACOSX_DEPLOYMENT_TARGET = 15.2;
				MARKETING_VERSION = 1.0;
				PRODUCT_BUNDLE_IDENTIFIER = "top.ai-toolkit.ReadAloudUITests";
				PRODUCT_NAME = "$(TARGET_NAME)";
				SDKROOT = auto;
				SUPPORTED_PLATFORMS = "iphoneos iphonesimulator macosx xros xrsimulator";
				SWIFT_EMIT_LOC_STRINGS = NO;
				SWIFT_VERSION = 5.0;
				TARGETED_DEVICE_FAMILY = "1,2,7";
				TEST_TARGET_NAME = ReadAloud;
				XROS_DEPLOYMENT_TARGET = 2.2;
			};
			name = Debug;
		};
		9314F2E52D95940E008A5C13 /* Release */ = {
			isa = XCBuildConfiguration;
			buildSettings = {
				CODE_SIGN_STYLE = Automatic;
				CURRENT_PROJECT_VERSION = 1;
				DEVELOPMENT_TEAM = XUP9CV37X2;
				GENERATE_INFOPLIST_FILE = YES;
				IPHONEOS_DEPLOYMENT_TARGET = 18.2;
				MACOSX_DEPLOYMENT_TARGET = 15.2;
				MARKETING_VERSION = 1.0;
				PRODUCT_BUNDLE_IDENTIFIER = "top.ai-toolkit.ReadAloudUITests";
				PRODUCT_NAME = "$(TARGET_NAME)";
				SDKROOT = auto;
				SUPPORTED_PLATFORMS = "iphoneos iphonesimulator macosx xros xrsimulator";
				SWIFT_EMIT_LOC_STRINGS = NO;
				SWIFT_VERSION = 5.0;
				TARGETED_DEVICE_FAMILY = "1,2,7";
				TEST_TARGET_NAME = ReadAloud;
				XROS_DEPLOYMENT_TARGET = 2.2;
			};
			name = Release;
		};
/* End XCBuildConfiguration section */

/* Begin XCConfigurationList section */
		9314F2B32D95940B008A5C13 /* Build configuration list for PBXProject "ReadAloud" */ = {
			isa = XCConfigurationList;
			buildConfigurations = (
				9314F2DB2D95940E008A5C13 /* Debug */,
				9314F2DC2D95940E008A5C13 /* Release */,
			);
			defaultConfigurationIsVisible = 0;
			defaultConfigurationName = Release;
		};
		9314F2DD2D95940E008A5C13 /* Build configuration list for PBXNativeTarget "ReadAloud" */ = {
			isa = XCConfigurationList;
			buildConfigurations = (
				9314F2DE2D95940E008A5C13 /* Debug */,
				9314F2DF2D95940E008A5C13 /* Release */,
			);
			defaultConfigurationIsVisible = 0;
			defaultConfigurationName = Release;
		};
		9314F2E02D95940E008A5C13 /* Build configuration list for PBXNativeTarget "ReadAloudTests" */ = {
			isa = XCConfigurationList;
			buildConfigurations = (
				9314F2E12D95940E008A5C13 /* Debug */,
				9314F2E22D95940E008A5C13 /* Release */,
			);
			defaultConfigurationIsVisible = 0;
			defaultConfigurationName = Release;
		};
		9314F2E32D95940E008A5C13 /* Build configuration list for PBXNativeTarget "ReadAloudUITests" */ = {
			isa = XCConfigurationList;
			buildConfigurations = (
				9314F2E42D95940E008A5C13 /* Debug */,
				9314F2E52D95940E008A5C13 /* Release */,
			);
			defaultConfigurationIsVisible = 0;
			defaultConfigurationName = Release;
		};
/* End XCConfigurationList section */

/* Begin XCRemoteSwiftPackageReference section */
		93D7B57D2DA42956003FA2A6 /* XCRemoteSwiftPackageReference "ZIPFoundation" */ = {
			isa = XCRemoteSwiftPackageReference;
			repositoryURL = "https://github.com/weichsel/ZIPFoundation";
			requirement = {
				kind = upToNextMajorVersion;
				minimumVersion = 0.9.19;
			};
		};
/* End XCRemoteSwiftPackageReference section */

/* Begin XCSwiftPackageProductDependency section */
		93D7B57F2DA42A33003FA2A6 /* ZIPFoundation */ = {
			isa = XCSwiftPackageProductDependency;
			package = 93D7B57D2DA42956003FA2A6 /* XCRemoteSwiftPackageReference "ZIPFoundation" */;
			productName = ZIPFoundation;
		};
/* End XCSwiftPackageProductDependency section */
	};
	rootObject = 9314F2B02D95940B008A5C13 /* Project object */;
}
